
Microsoft Visual Studio Solution File, Format Version 12.00
# Visual Studio Version 17
VisualStudioVersion = 17.6.33829.357
MinimumVisualStudioVersion = 10.0.40219.1
Project("{FAE04EC0-301F-11D3-BF4B-00C04F79EFBC}") = "XamarinApp.Android", "XamarinApp.Android\XamarinApp.Android.csproj", "{51BA0C2E-221D-4CBA-BD01-755DD674B98A}"
EndProject
Project("{FAE04EC0-301F-11D3-BF4B-00C04F79EFBC}") = "XamarinApp.iOS", "XamarinApp.iOS\XamarinApp.iOS.csproj", "{F5429A98-B8BD-4575-8432-6D3F2273B3F6}"
EndProject
Project("{FAE04EC0-301F-11D3-BF4B-00C04F79EFBC}") = "XamarinApp", "XamarinApp\XamarinApp.csproj", "{79B783B8-5E1E-479E-A642-63C356BA48A4}"
EndProject
Global
	GlobalSection(SolutionConfigurationPlatforms) = preSolution
		Debug|Any CPU = Debug|Any CPU
		Debug|iPhone = Debug|iPhone
		Debug|iPhoneSimulator = Debug|iPhoneSimulator
		Release|Any CPU = Release|Any CPU
		Release|iPhone = Release|iPhone
		Release|iPhoneSimulator = Release|iPhoneSimulator
	EndGlobalSection
	GlobalSection(ProjectConfigurationPlatforms) = postSolution
		{51BA0C2E-221D-4CBA-BD01-755DD674B98A}.Debug|Any CPU.ActiveCfg = Debug|Any CPU
		{51BA0C2E-221D-4CBA-BD01-755DD674B98A}.Debug|Any CPU.Build.0 = Debug|Any CPU
		{51BA0C2E-221D-4CBA-BD01-755DD674B98A}.Debug|Any CPU.Deploy.0 = Debug|Any CPU
		{51BA0C2E-221D-4CBA-BD01-755DD674B98A}.Debug|iPhone.ActiveCfg = Debug|Any CPU
		{51BA0C2E-221D-4CBA-BD01-755DD674B98A}.Debug|iPhone.Build.0 = Debug|Any CPU
		{51BA0C2E-221D-4CBA-BD01-755DD674B98A}.Debug|iPhone.Deploy.0 = Debug|Any CPU
		{51BA0C2E-221D-4CBA-BD01-755DD674B98A}.Debug|iPhoneSimulator.ActiveCfg = Debug|Any CPU
		{51BA0C2E-221D-4CBA-BD01-755DD674B98A}.Debug|iPhoneSimulator.Build.0 = Debug|Any CPU
		{51BA0C2E-221D-4CBA-BD01-755DD674B98A}.Debug|iPhoneSimulator.Deploy.0 = Debug|Any CPU
		{51BA0C2E-221D-4CBA-BD01-755DD674B98A}.Release|Any CPU.ActiveCfg = Release|Any CPU
		{51BA0C2E-221D-4CBA-BD01-755DD674B98A}.Release|Any CPU.Build.0 = Release|Any CPU
		{51BA0C2E-221D-4CBA-BD01-755DD674B98A}.Release|Any CPU.Deploy.0 = Release|Any CPU
		{51BA0C2E-221D-4CBA-BD01-755DD674B98A}.Release|iPhone.ActiveCfg = Release|Any CPU
		{51BA0C2E-221D-4CBA-BD01-755DD674B98A}.Release|iPhone.Build.0 = Release|Any CPU
		{51BA0C2E-221D-4CBA-BD01-755DD674B98A}.Release|iPhone.Deploy.0 = Release|Any CPU
		{51BA0C2E-221D-4CBA-BD01-755DD674B98A}.Release|iPhoneSimulator.ActiveCfg = Release|Any CPU
		{51BA0C2E-221D-4CBA-BD01-755DD674B98A}.Release|iPhoneSimulator.Build.0 = Release|Any CPU
		{51BA0C2E-221D-4CBA-BD01-755DD674B98A}.Release|iPhoneSimulator.Deploy.0 = Release|Any CPU
		{F5429A98-B8BD-4575-8432-6D3F2273B3F6}.Debug|Any CPU.ActiveCfg = Debug|iPhone
		{F5429A98-B8BD-4575-8432-6D3F2273B3F6}.Debug|Any CPU.Build.0 = Debug|iPhone
		{F5429A98-B8BD-4575-8432-6D3F2273B3F6}.Debug|Any CPU.Deploy.0 = Debug|iPhone
		{F5429A98-B8BD-4575-8432-6D3F2273B3F6}.Debug|iPhone.ActiveCfg = Debug|iPhone
		{F5429A98-B8BD-4575-8432-6D3F2273B3F6}.Debug|iPhone.Build.0 = Debug|iPhone
		{F5429A98-B8BD-4575-8432-6D3F2273B3F6}.Debug|iPhone.Deploy.0 = Debug|iPhone
		{F5429A98-B8BD-4575-8432-6D3F2273B3F6}.Debug|iPhoneSimulator.ActiveCfg = Debug|iPhoneSimulator
		{F5429A98-B8BD-4575-8432-6D3F2273B3F6}.Debug|iPhoneSimulator.Build.0 = Debug|iPhoneSimulator
		{F5429A98-B8BD-4575-8432-6D3F2273B3F6}.Debug|iPhoneSimulator.Deploy.0 = Debug|iPhoneSimulator
		{F5429A98-B8BD-4575-8432-6D3F2273B3F6}.Release|Any CPU.ActiveCfg = Release|iPhoneSimulator
		{F5429A98-B8BD-4575-8432-6D3F2273B3F6}.Release|Any CPU.Build.0 = Release|iPhoneSimulator
		{F5429A98-B8BD-4575-8432-6D3F2273B3F6}.Release|Any CPU.Deploy.0 = Release|iPhoneSimulator
		{F5429A98-B8BD-4575-8432-6D3F2273B3F6}.Release|iPhone.ActiveCfg = Release|iPhone
		{F5429A98-B8BD-4575-8432-6D3F2273B3F6}.Release|iPhone.Build.0 = Release|iPhone
		{F5429A98-B8BD-4575-8432-6D3F2273B3F6}.Release|iPhone.Deploy.0 = Release|iPhone
		{F5429A98-B8BD-4575-8432-6D3F2273B3F6}.Release|iPhoneSimulator.ActiveCfg = Release|iPhoneSimulator
		{F5429A98-B8BD-4575-8432-6D3F2273B3F6}.Release|iPhoneSimulator.Build.0 = Release|iPhoneSimulator
		{F5429A98-B8BD-4575-8432-6D3F2273B3F6}.Release|iPhoneSimulator.Deploy.0 = Release|iPhoneSimulator
		{79B783B8-5E1E-479E-A642-63C356BA48A4}.Debug|Any CPU.ActiveCfg = Debug|Any CPU
		{79B783B8-5E1E-479E-A642-63C356BA48A4}.Debug|Any CPU.Build.0 = Debug|Any CPU
		{79B783B8-5E1E-479E-A642-63C356BA48A4}.Debug|Any CPU.Deploy.0 = Debug|Any CPU
		{79B783B8-5E1E-479E-A642-63C356BA48A4}.Debug|iPhone.ActiveCfg = Debug|Any CPU
		{79B783B8-5E1E-479E-A642-63C356BA48A4}.Debug|iPhone.Build.0 = Debug|Any CPU
		{79B783B8-5E1E-479E-A642-63C356BA48A4}.Debug|iPhone.Deploy.0 = Debug|Any CPU
		{79B783B8-5E1E-479E-A642-63C356BA48A4}.Debug|iPhoneSimulator.ActiveCfg = Debug|Any CPU
		{79B783B8-5E1E-479E-A642-63C356BA48A4}.Debug|iPhoneSimulator.Build.0 = Debug|Any CPU
		{79B783B8-5E1E-479E-A642-63C356BA48A4}.Debug|iPhoneSimulator.Deploy.0 = Debug|Any CPU
		{79B783B8-5E1E-479E-A642-63C356BA48A4}.Release|Any CPU.ActiveCfg = Release|Any CPU
		{79B783B8-5E1E-479E-A642-63C356BA48A4}.Release|Any CPU.Build.0 = Release|Any CPU
		{79B783B8-5E1E-479E-A642-63C356BA48A4}.Release|Any CPU.Deploy.0 = Release|Any CPU
		{79B783B8-5E1E-479E-A642-63C356BA48A4}.Release|iPhone.ActiveCfg = Release|Any CPU
		{79B783B8-5E1E-479E-A642-63C356BA48A4}.Release|iPhone.Build.0 = Release|Any CPU
		{79B783B8-5E1E-479E-A642-63C356BA48A4}.Release|iPhone.Deploy.0 = Release|Any CPU
		{79B783B8-5E1E-479E-A642-63C356BA48A4}.Release|iPhoneSimulator.ActiveCfg = Release|Any CPU
		{79B783B8-5E1E-479E-A642-63C356BA48A4}.Release|iPhoneSimulator.Build.0 = Release|Any CPU
		{79B783B8-5E1E-479E-A642-63C356BA48A4}.Release|iPhoneSimulator.Deploy.0 = Release|Any CPU
	EndGlobalSection
	GlobalSection(SolutionProperties) = preSolution
		HideSolutionNode = FALSE
	EndGlobalSection
	GlobalSection(ExtensibilityGlobals) = postSolution
		SolutionGuid = {D652AF30-77E5-4C6D-915B-98DD4E49265F}
	EndGlobalSection
EndGlobal
